{"1.2.0",
[{<<"epgsql">>,{pkg,<<"epgsql">>,<<"4.7.1">>},0},
 {<<"mysql">>,{pkg,<<"mysql">>,<<"1.8.0">>},0},
 {<<"worker_pool">>,{pkg,<<"worker_pool">>,<<"6.0.1">>},0}]}.
[
{pkg_hash,[
 {<<"epgsql">>, <<"D4E47CAE46C18C8AFA88E34D59A9B4BAE16368D7CE1EB3DA24FA755EB28393EB">>},
 {<<"mysql">>, <<"0E4BBCF701B7D8EA5C3750F220F26323C0FC18B844960988BE196B33A8A9F3C1">>},
 {<<"worker_pool">>, <<"CA262C2DFB3B4AF661B206C82065D86F83922B7227508AA6E0BC34D3E5AE5135">>}]},
{pkg_hash_ext,[
 {<<"epgsql">>, <<"B6D86B7DC42C8555B1D4E20880E5099D6D6D053148000E188E548F98E4E01836">>},
 {<<"mysql">>, <<"D473C479C19E5CDE20237458EEAD6673C3C00E0EF84AFD30615AEBBB67FEE7B3">>},
 {<<"worker_pool">>, <<"772E12CCB26909EA7F804B52E86E733DF66BB8150F683B591B0A762196494C74">>}]}
].
